// !$*UTF8*$!
{
	archiveVersion = 1;
	classes = {
	};
	objectVersion = 46;
	objects = {

/* Begin PBXBuildFile section */
		623615D01D9055BD0024082F /* main.m in Sources */ = {isa = PBXBuildFile; fileRef = 623615CF1D9055BD0024082F /* main.m */; };
		623615D31D9055BD0024082F /* AppDelegate.m in Sources */ = {isa = PBXBuildFile; fileRef = 623615D21D9055BD0024082F /* AppDelegate.m */; };
		623615D61D9055BD0024082F /* ViewController.m in Sources */ = {isa = PBXBuildFile; fileRef = 623615D51D9055BD0024082F /* ViewController.m */; };
		623615D91D9055BD0024082F /* Main.storyboard in Resources */ = {isa = PBXBuildFile; fileRef = 623615D71D9055BD0024082F /* Main.storyboard */; };
		623615DB1D9055BD0024082F /* Assets.xcassets in Resources */ = {isa = PBXBuildFile; fileRef = 623615DA1D9055BD0024082F /* Assets.xcassets */; };
		623615DE1D9055BD0024082F /* LaunchScreen.storyboard in Resources */ = {isa = PBXBuildFile; fileRef = 623615DC1D9055BD0024082F /* LaunchScreen.storyboard */; };
/* End PBXBuildFile section */

/* Begin PBXFileReference section */
		623615CB1D9055BD0024082F /* MyScrollView.app */ = {isa = PBXFileReference; explicitFileType = wrapper.application; includeInIndex = 0; path = MyScrollView.app; sourceTree = BUILT_PRODUCTS_DIR; };
		623615CF1D9055BD0024082F /* main.m */ = {isa = PBXFileReference; lastKnownFileType = sourcecode.c.objc; path = main.m; sourceTree = "<group>"; };
		623615D11D9055BD0024082F /* AppDelegate.h */ = {isa = PBXFileReference; lastKnownFileType = sourcecode.c.h; path = AppDelegate.h; sourceTree = "<group>"; };
		623615D21D9055BD0024082F /* AppDelegate.m */ = {isa = PBXFileReference; lastKnownFileType = sourcecode.c.objc; path = AppDelegate.m; sourceTree = "<group>"; };
		623615D41D9055BD0024082F /* ViewController.h */ = {isa = PBXFileReference; lastKnownFileType = sourcecode.c.h; path = ViewController.h; sourceTree = "<group>"; };
		623615D51D9055BD0024082F /* ViewController.m */ = {isa = PBXFileReference; lastKnownFileType = sourcecode.c.objc; path = ViewController.m; sourceTree = "<group>"; };
		623615D81D9055BD0024082F /* Base */ = {isa = PBXFileReference; lastKnownFileType = file.storyboard; name = Base; path = Base.lproj/Main.storyboard; sourceTree = "<group>"; };
		623615DA1D9055BD0024082F /* Assets.xcassets */ = {isa = PBXFileReference; lastKnownFileType = folder.assetcatalog; path = Assets.xcassets; sourceTree = "<group>"; };
		623615DD1D9055BD0024082F /* Base */ = {isa = PBXFileReference; lastKnownFileType = file.storyboard; name = Base; path = Base.lproj/LaunchScreen.storyboard; sourceTree = "<group>"; };
		623615DF1D9055BD0024082F /* Info.plist */ = {isa = PBXFileReference; lastKnownFileType = text.plist.xml; path = Info.plist; sourceTree = "<group>"; };
/* End PBXFileReference section */

/* Begin PBXFrameworksBuildPhase section */
		623615C81D9055BD0024082F /* Frameworks */ = {
			isa = PBXFrameworksBuildPhase;
			buildActionMask = 2147483647;
			files = (
			);
			runOnlyForDeploymentPostprocessing = 0;
		};
/* End PBXFrameworksBuildPhase section */

/* Begin PBXGroup section */
		623615C21D9055BC0024082F = {
			isa = PBXGroup;
			children = (
				623615CD1D9055BD0024082F /* MyScrollView */,
				623615CC1D9055BD0024082F /* Products */,
			);
			sourceTree = "<group>";
		};
		623615CC1D9055BD0024082F /* Products */ = {
			isa = PBXGroup;
			children = (
				623615CB1D9055BD0024082F /* MyScrollView.app */,
			);
			name = Products;
			sourceTree = "<group>";
		};
		623615CD1D9055BD0024082F /* MyScrollView */ = {
			isa = PBXGroup;
			children = (
				623615D11D9055BD0024082F /* AppDelegate.h */,
				623615D21D9055BD0024082F /* AppDelegate.m */,
				623615D41D9055BD0024082F /* ViewController.h */,
				623615D51D9055BD0024082F /* ViewController.m */,
				623615D71D9055BD0024082F /* Main.storyboard */,
				623615DA1D9055BD0024082F /* Assets.xcassets */,
				623615DC1D9055BD0024082F /* LaunchScreen.storyboard */,
				623615DF1D9055BD0024082F /* Info.plist */,
				623615CE1D9055BD0024082F /* Supporting Files */,
			);
			path = MyScrollView;
			sourceTree = "<group>";
		};
		623615CE1D9055BD0024082F /* Supporting Files */ = {
			isa = PBXGroup;
			children = (
				623615CF1D9055BD0024082F /* main.m */,
			);
			name = "Supporting Files";
			sourceTree = "<group>";
		};
/* End PBXGroup section */

/* Begin PBXNativeTarget section */
		623615CA1D9055BD0024082F /* MyScrollView */ = {
			isa = PBXNativeTarget;
			buildConfigurationList = 623615E21D9055BD0024082F /* Build configuration list for PBXNativeTarget "MyScrollView" */;
			buildPhases = (
				623615C71D9055BD0024082F /* Sources */,
				623615C81D9055BD0024082F /* Frameworks */,
				623615C91D9055BD0024082F /* Resources */,
			);
			buildRules = (
			);
			dependencies = (
			);
			name = MyScrollView;
			productName = MyScrollView;
			productReference = 623615CB1D9055BD0024082F /* MyScrollView.app */;
			productType = "com.apple.product-type.application";
		};
/* End PBXNativeTarget section */

/* Begin PBXProject section */
		623615C31D9055BC0024082F /* Project object */ = {
			isa = PBXProject;
			attributes = {
				LastUpgradeCheck = 0730;
				ORGANIZATIONNAME = Cornelius.Media;
				TargetAttributes = {
					623615CA1D9055BD0024082F = {
						CreatedOnToolsVersion = 7.3.1;
					};
				};
			};
			buildConfigurationList = 623615C61D9055BD0024082F /* Build configuration list for PBXProject "MyScrollView" */;
			compatibilityVersion = "Xcode 3.2";
			developmentRegion = English;
			hasScannedForEncodings = 0;
			knownRegions = (
				en,
				Base,
			);
			mainGroup = 623615C21D9055BC0024082F;
			productRefGroup = 623615CC1D9055BD0024082F /* Products */;
			projectDirPath = "";
			projectRoot = "";
			targets = (
				623615CA1D9055BD0024082F /* MyScrollView */,
			);
		};
/* End PBXProject section */

/* Begin PBXResourcesBuildPhase section */
		623615C91D9055BD0024082F /* Resources */ = {
			isa = PBXResourcesBuildPhase;
			buildActionMask = 2147483647;
			files = (
				623615DE1D9055BD0024082F /* LaunchScreen.storyboard in Resources */,
				623615DB1D9055BD0024082F /* Assets.xcassets in Resources */,
				623615D91D9055BD0024082F /* Main.storyboard in Resources */,
			);
			runOnlyForDeploymentPostprocessing = 0;
		};
/* End PBXResourcesBuildPhase section */

/* Begin PBXSourcesBuildPhase section */
		623615C71D9055BD0024082F /* Sources */ = {
			isa = PBXSourcesBuildPhase;
			buildActionMask = 2147483647;
			files = (
				623615D61D9055BD0024082F /* ViewController.m in Sources */,
				623615D31D9055BD0024082F /* AppDelegate.m in Sources */,
				623615D01D9055BD0024082F /* main.m in Sources */,
			);
			runOnlyForDeploymentPostprocessing = 0;
		};
/* End PBXSourcesBuildPhase section */

/* Begin PBXVariantGroup section */
		623615D71D9055BD0024082F /* Main.storyboard */ = {
			isa = PBXVariantGroup;
			children = (
				623615D81D9055BD0024082F /* Base */,
			);
			name = Main.storyboard;
			sourceTree = "<group>";
		};
		623615DC1D9055BD0024082F /* LaunchScreen.storyboard */ = {
			isa = PBXVariantGroup;
			children = (
				623615DD1D9055BD0024082F /* Base */,
			);
			name = LaunchScreen.storyboard;
			sourceTree = "<group>";
		};
/* End PBXVariantGroup section */

/* Begin XCBuildConfiguration section */
		623615E01D9055BD0024082F /* Debug */ = {
			isa = XCBuildConfiguration;
			buildSettings = {
				ALWAYS_SEARCH_USER_PATHS = NO;
				CLANG_ANALYZER_NONNULL = YES;
				CLANG_CXX_LANGUAGE_STANDARD = "gnu++0x";
				CLANG_CXX_LIBRARY = "libc++";
				CLANG_ENABLE_MODULES = YES;
				CLANG_ENABLE_OBJC_ARC = YES;
				CLANG_WARN_BOOL_CONVERSION = YES;
				CLANG_WARN_CONSTANT_CONVERSION = YES;
				CLANG_WARN_DIRECT_OBJC_ISA_USAGE = YES_ERROR;
				CLANG_WARN_EMPTY_BODY = YES;
				CLANG_WARN_ENUM_CONVERSION = YES;
				CLANG_WARN_INT_CONVERSION = YES;
				CLANG_WARN_OBJC_ROOT_CLASS = YES_ERROR;
				CLANG_WARN_UNREACHABLE_CODE = YES;
				CLANG_WARN__DUPLICATE_METHOD_MATCH = YES;
				"CODE_SIGN_IDENTITY[sdk=iphoneos*]" = "iPhone Developer";
				COPY_PHASE_STRIP = NO;
				DEBUG_INFORMATION_FORMAT = dwarf;
				ENABLE_STRICT_OBJC_MSGSEND = YES;
				ENABLE_TESTABILITY = YES;
				GCC_C_LANGUAGE_STANDARD = gnu99;
				GCC_DYNAMIC_NO_PIC = NO;
				GCC_NO_COMMON_BLOCKS = YES;
				GCC_OPTIMIZATION_LEVEL = 0;
				GCC_PREPROCESSOR_DEFINITIONS = (
					"DEBUG=1",
					"$(inherited)",
				);
				GCC_WARN_64_TO_32_BIT_CONVERSION = YES;
				GCC_WARN_ABOUT_RETURN_TYPE = YES_ERROR;
				GCC_WARN_UNDECLARED_SELECTOR = YES;
				GCC_WARN_UNINITIALIZED_AUTOS = YES_AGGRESSIVE;
				GCC_WARN_UNUSED_FUNCTION = YES;
				GCC_WARN_UNUSED_VARIABLE = YES;
				IPHONEOS_DEPLOYMENT_TARGET = 9.3;
				MTL_ENABLE_DEBUG_INFO = YES;
				ONLY_ACTIVE_ARCH = YES;
				SDKROOT = iphoneos;
			};
			name = Debug;
		};
		623615E11D9055BD0024082F /* Release */ = {
			isa = XCBuildConfiguration;
			buildSettings = {
				ALWAYS_SEARCH_USER_PATHS = NO;
				CLANG_ANALYZER_NONNULL = YES;
				CLANG_CXX_LANGUAGE_STANDARD = "gnu++0x";
				CLANG_CXX_LIBRARY = "libc++";
				CLANG_ENABLE_MODULES = YES;
				CLANG_ENABLE_OBJC_ARC = YES;
				CLANG_WARN_BOOL_CONVERSION = YES;
				CLANG_WARN_CONSTANT_CONVERSION = YES;
				CLANG_WARN_DIRECT_OBJC_ISA_USAGE = YES_ERROR;
				CLANG_WARN_EMPTY_BODY = YES;
				CLANG_WARN_ENUM_CONVERSION = YES;
				CLANG_WARN_INT_CONVERSION = YES;
				CLANG_WARN_OBJC_ROOT_CLASS = YES_ERROR;
				CLANG_WARN_UNREACHABLE_CODE = YES;
				CLANG_WARN__DUPLICATE_METHOD_MATCH = YES;
				"CODE_SIGN_IDENTITY[sdk=iphoneos*]" = "iPhone Developer";
				COPY_PHASE_STRIP = NO;
				DEBUG_INFORMATION_FORMAT = "dwarf-with-dsym";
				ENABLE_NS_ASSERTIONS = NO;
				ENABLE_STRICT_OBJC_MSGSEND = YES;
				GCC_C_LANGUAGE_STANDARD = gnu99;
				GCC_NO_COMMON_BLOCKS = YES;
				GCC_WARN_64_TO_32_BIT_CONVERSION = YES;
				GCC_WARN_ABOUT_RETURN_TYPE = YES_ERROR;
				GCC_WARN_UNDECLARED_SELECTOR = YES;
				GCC_WARN_UNINITIALIZED_AUTOS = YES_AGGRESSIVE;
				GCC_WARN_UNUSED_FUNCTION = YES;
				GCC_WARN_UNUSED_VARIABLE = YES;
				IPHONEOS_DEPLOYMENT_TARGET = 9.3;
				MTL_ENABLE_DEBUG_INFO = NO;
				SDKROOT = iphoneos;
				VALIDATE_PRODUCT = YES;
			};
			name = Release;
		};
		623615E31D9055BD0024082F /* Debug */ = {
			isa = XCBuildConfiguration;
			buildSettings = {
				ASSETCATALOG_COMPILER_APPICON_NAME = AppIcon;
				INFOPLIST_FILE = MyScrollView/Info.plist;
				LD_RUNPATH_SEARCH_PATHS = "$(inherited) @executable_path/Frameworks";
				PRODUCT_BUNDLE_IDENTIFIER = media.cornelius.MyScrollView;
				PRODUCT_NAME = "$(TARGET_NAME)";
			};
			name = Debug;
		};
		623615E41D9055BD0024082F /* Release */ = {
			isa = XCBuildConfiguration;
			buildSettings = {
				ASSETCATALOG_COMPILER_APPICON_NAME = AppIcon;
				INFOPLIST_FILE = MyScrollView/Info.plist;
				LD_RUNPATH_SEARCH_PATHS = "$(inherited) @executable_path/Frameworks";
				PRODUCT_BUNDLE_IDENTIFIER = media.cornelius.MyScrollView;
				PRODUCT_NAME = "$(TARGET_NAME)";
			};
			name = Release;
		};
/* End XCBuildConfiguration section */

/* Begin XCConfigurationList section */
		623615C61D9055BD0024082F /* Build configuration list for PBXProject "MyScrollView" */ = {
			isa = XCConfigurationList;
			buildConfigurations = (
				623615E01D9055BD0024082F /* Debug */,
				623615E11D9055BD0024082F /* Release */,
			);
			defaultConfigurationIsVisible = 0;
			defaultConfigurationName = Release;
		};
		623615E21D9055BD0024082F /* Build configuration list for PBXNativeTarget "MyScrollView" */ = {
			isa = XCConfigurationList;
			buildConfigurations = (
				623615E31D9055BD0024082F /* Debug */,
				623615E41D9055BD0024082F /* Release */,
			);
			defaultConfigurationIsVisible = 0;
		};
/* End XCConfigurationList section */
	};
	rootObject = 623615C31D9055BC0024082F /* Project object */;
}
